
Microsoft Visual Studio Solution File, Format Version 12.00
# Visual Studio 15
VisualStudioVersion = 15.0.28307.271
MinimumVisualStudioVersion = 10.0.40219.1
Project("{8BC9CEB8-8B4A-11D0-8D11-00A0C91BC942}") = "Days of Each Month", "Days of Each Month\Days of Each Month.vcxproj", "{019C51EC-E868-4C10-8803-6A9A65DC6BD6}"
EndProject
Global
	GlobalSection(SolutionConfigurationPlatforms) = preSolution
		Debug|x64 = Debug|x64
		Debug|x86 = Debug|x86
		Release|x64 = Release|x64
		Release|x86 = Release|x86
	EndGlobalSection
	GlobalSection(ProjectConfigurationPlatforms) = postSolution
		{019C51EC-E868-4C10-8803-6A9A65DC6BD6}.Debug|x64.ActiveCfg = Debug|x64
		{019C51EC-E868-4C10-8803-6A9A65DC6BD6}.Debug|x64.Build.0 = Debug|x64
		{019C51EC-E868-4C10-8803-6A9A65DC6BD6}.Debug|x86.ActiveCfg = Debug|Win32
		{019C51EC-E868-4C10-8803-6A9A65DC6BD6}.Debug|x86.Build.0 = Debug|Win32
		{019C51EC-E868-4C10-8803-6A9A65DC6BD6}.Release|x64.ActiveCfg = Release|x64
		{019C51EC-E868-4C10-8803-6A9A65DC6BD6}.Release|x64.Build.0 = Release|x64
		{019C51EC-E868-4C10-8803-6A9A65DC6BD6}.Release|x86.ActiveCfg = Release|Win32
		{019C51EC-E868-4C10-8803-6A9A65DC6BD6}.Release|x86.Build.0 = Release|Win32
	EndGlobalSection
	GlobalSection(SolutionProperties) = preSolution
		HideSolutionNode = FALSE
	EndGlobalSection
	GlobalSection(ExtensibilityGlobals) = postSolution
		SolutionGuid = {9AB193C4-EEC0-477F-8C49-1672D84F0760}
	EndGlobalSection
EndGlobal
