
Microsoft Visual Studio Solution File, Format Version 12.00
# Visual Studio 15
VisualStudioVersion = 15.0.28307.271
MinimumVisualStudioVersion = 10.0.40219.1
Project("{8BC9CEB8-8B4A-11D0-8D11-00A0C91BC942}") = "Percent of Grades", "Percent of Grades\Percent of Grades.vcxproj", "{70FE1744-9C0A-40A1-9F01-D208C82AB9C8}"
EndProject
Global
	GlobalSection(SolutionConfigurationPlatforms) = preSolution
		a7n3cy|ARM = a7n3cy|ARM
		a7n3cy|ARM64 = a7n3cy|ARM64
		a7n3cy|Win32 = a7n3cy|Win32
		a7n3cy|Win64 = a7n3cy|Win64
		a7n3cy|x64 = a7n3cy|x64
		a7n3cy|x86 = a7n3cy|x86
		ac76ew|ARM = ac76ew|ARM
		ac76ew|ARM64 = ac76ew|ARM64
		ac76ew|Win32 = ac76ew|Win32
		ac76ew|Win64 = ac76ew|Win64
		ac76ew|x64 = ac76ew|x64
		ac76ew|x86 = ac76ew|x86
		Debug|ARM = Debug|ARM
		Debug|ARM64 = Debug|ARM64
		Debug|Win32 = Debug|Win32
		Debug|Win64 = Debug|Win64
		Debug|x64 = Debug|x64
		Debug|x86 = Debug|x86
		Dummy|ARM = Dummy|ARM
		Dummy|ARM64 = Dummy|ARM64
		Dummy|Win32 = Dummy|Win32
		Dummy|Win64 = Dummy|Win64
		Dummy|x64 = Dummy|x64
		Dummy|x86 = Dummy|x86
		iuyads|ARM = iuyads|ARM
		iuyads|ARM64 = iuyads|ARM64
		iuyads|Win32 = iuyads|Win32
		iuyads|Win64 = iuyads|Win64
		iuyads|x64 = iuyads|x64
		iuyads|x86 = iuyads|x86
		jtrent238|ARM = jtrent238|ARM
		jtrent238|ARM64 = jtrent238|ARM64
		jtrent238|Win32 = jtrent238|Win32
		jtrent238|Win64 = jtrent238|Win64
		jtrent238|x64 = jtrent238|x64
		jtrent238|x86 = jtrent238|x86
		Publish|ARM = Publish|ARM
		Publish|ARM64 = Publish|ARM64
		Publish|Win32 = Publish|Win32
		Publish|Win64 = Publish|Win64
		Publish|x64 = Publish|x64
		Publish|x86 = Publish|x86
		Release|ARM = Release|ARM
		Release|ARM64 = Release|ARM64
		Release|Win32 = Release|Win32
		Release|Win64 = Release|Win64
		Release|x64 = Release|x64
		Release|x86 = Release|x86
	EndGlobalSection
	GlobalSection(ProjectConfigurationPlatforms) = postSolution
		{70FE1744-9C0A-40A1-9F01-D208C82AB9C8}.a7n3cy|ARM.ActiveCfg = a7n3cy|ARM
		{70FE1744-9C0A-40A1-9F01-D208C82AB9C8}.a7n3cy|ARM.Build.0 = a7n3cy|ARM
		{70FE1744-9C0A-40A1-9F01-D208C82AB9C8}.a7n3cy|ARM64.ActiveCfg = a7n3cy|ARM64
		{70FE1744-9C0A-40A1-9F01-D208C82AB9C8}.a7n3cy|ARM64.Build.0 = a7n3cy|ARM64
		{70FE1744-9C0A-40A1-9F01-D208C82AB9C8}.a7n3cy|Win32.ActiveCfg = a7n3cy|ARM
		{70FE1744-9C0A-40A1-9F01-D208C82AB9C8}.a7n3cy|Win32.Build.0 = a7n3cy|ARM
		{70FE1744-9C0A-40A1-9F01-D208C82AB9C8}.a7n3cy|Win64.ActiveCfg = a7n3cy|ARM
		{70FE1744-9C0A-40A1-9F01-D208C82AB9C8}.a7n3cy|Win64.Build.0 = a7n3cy|ARM
		{70FE1744-9C0A-40A1-9F01-D208C82AB9C8}.a7n3cy|x64.ActiveCfg = a7n3cy|x64
		{70FE1744-9C0A-40A1-9F01-D208C82AB9C8}.a7n3cy|x64.Build.0 = a7n3cy|x64
		{70FE1744-9C0A-40A1-9F01-D208C82AB9C8}.a7n3cy|x86.ActiveCfg = a7n3cy|Win32
		{70FE1744-9C0A-40A1-9F01-D208C82AB9C8}.a7n3cy|x86.Build.0 = a7n3cy|Win32
		{70FE1744-9C0A-40A1-9F01-D208C82AB9C8}.ac76ew|ARM.ActiveCfg = ac76ew|ARM
		{70FE1744-9C0A-40A1-9F01-D208C82AB9C8}.ac76ew|ARM.Build.0 = ac76ew|ARM
		{70FE1744-9C0A-40A1-9F01-D208C82AB9C8}.ac76ew|ARM64.ActiveCfg = ac76ew|ARM64
		{70FE1744-9C0A-40A1-9F01-D208C82AB9C8}.ac76ew|ARM64.Build.0 = ac76ew|ARM64
		{70FE1744-9C0A-40A1-9F01-D208C82AB9C8}.ac76ew|Win32.ActiveCfg = ac76ew|ARM
		{70FE1744-9C0A-40A1-9F01-D208C82AB9C8}.ac76ew|Win32.Build.0 = ac76ew|ARM
		{70FE1744-9C0A-40A1-9F01-D208C82AB9C8}.ac76ew|Win64.ActiveCfg = ac76ew|ARM
		{70FE1744-9C0A-40A1-9F01-D208C82AB9C8}.ac76ew|Win64.Build.0 = ac76ew|ARM
		{70FE1744-9C0A-40A1-9F01-D208C82AB9C8}.ac76ew|x64.ActiveCfg = ac76ew|x64
		{70FE1744-9C0A-40A1-9F01-D208C82AB9C8}.ac76ew|x64.Build.0 = ac76ew|x64
		{70FE1744-9C0A-40A1-9F01-D208C82AB9C8}.ac76ew|x86.ActiveCfg = ac76ew|Win32
		{70FE1744-9C0A-40A1-9F01-D208C82AB9C8}.ac76ew|x86.Build.0 = ac76ew|Win32
		{70FE1744-9C0A-40A1-9F01-D208C82AB9C8}.Debug|ARM.ActiveCfg = Debug|ARM
		{70FE1744-9C0A-40A1-9F01-D208C82AB9C8}.Debug|ARM.Build.0 = Debug|ARM
		{70FE1744-9C0A-40A1-9F01-D208C82AB9C8}.Debug|ARM64.ActiveCfg = Debug|ARM64
		{70FE1744-9C0A-40A1-9F01-D208C82AB9C8}.Debug|ARM64.Build.0 = Debug|ARM64
		{70FE1744-9C0A-40A1-9F01-D208C82AB9C8}.Debug|Win32.ActiveCfg = Debug|ARM
		{70FE1744-9C0A-40A1-9F01-D208C82AB9C8}.Debug|Win32.Build.0 = Debug|ARM
		{70FE1744-9C0A-40A1-9F01-D208C82AB9C8}.Debug|Win64.ActiveCfg = Debug|ARM
		{70FE1744-9C0A-40A1-9F01-D208C82AB9C8}.Debug|Win64.Build.0 = Debug|ARM
		{70FE1744-9C0A-40A1-9F01-D208C82AB9C8}.Debug|x64.ActiveCfg = Debug|x64
		{70FE1744-9C0A-40A1-9F01-D208C82AB9C8}.Debug|x64.Build.0 = Debug|x64
		{70FE1744-9C0A-40A1-9F01-D208C82AB9C8}.Debug|x86.ActiveCfg = Debug|Win32
		{70FE1744-9C0A-40A1-9F01-D208C82AB9C8}.Debug|x86.Build.0 = Debug|Win32
		{70FE1744-9C0A-40A1-9F01-D208C82AB9C8}.Dummy|ARM.ActiveCfg = Dummy|ARM
		{70FE1744-9C0A-40A1-9F01-D208C82AB9C8}.Dummy|ARM.Build.0 = Dummy|ARM
		{70FE1744-9C0A-40A1-9F01-D208C82AB9C8}.Dummy|ARM64.ActiveCfg = Dummy|ARM64
		{70FE1744-9C0A-40A1-9F01-D208C82AB9C8}.Dummy|ARM64.Build.0 = Dummy|ARM64
		{70FE1744-9C0A-40A1-9F01-D208C82AB9C8}.Dummy|Win32.ActiveCfg = Dummy|ARM
		{70FE1744-9C0A-40A1-9F01-D208C82AB9C8}.Dummy|Win32.Build.0 = Dummy|ARM
		{70FE1744-9C0A-40A1-9F01-D208C82AB9C8}.Dummy|Win64.ActiveCfg = Dummy|ARM
		{70FE1744-9C0A-40A1-9F01-D208C82AB9C8}.Dummy|Win64.Build.0 = Dummy|ARM
		{70FE1744-9C0A-40A1-9F01-D208C82AB9C8}.Dummy|x64.ActiveCfg = Dummy|x64
		{70FE1744-9C0A-40A1-9F01-D208C82AB9C8}.Dummy|x64.Build.0 = Dummy|x64
		{70FE1744-9C0A-40A1-9F01-D208C82AB9C8}.Dummy|x86.ActiveCfg = Dummy|Win32
		{70FE1744-9C0A-40A1-9F01-D208C82AB9C8}.Dummy|x86.Build.0 = Dummy|Win32
		{70FE1744-9C0A-40A1-9F01-D208C82AB9C8}.iuyads|ARM.ActiveCfg = iuyads|ARM
		{70FE1744-9C0A-40A1-9F01-D208C82AB9C8}.iuyads|ARM.Build.0 = iuyads|ARM
		{70FE1744-9C0A-40A1-9F01-D208C82AB9C8}.iuyads|ARM64.ActiveCfg = iuyads|ARM64
		{70FE1744-9C0A-40A1-9F01-D208C82AB9C8}.iuyads|ARM64.Build.0 = iuyads|ARM64
		{70FE1744-9C0A-40A1-9F01-D208C82AB9C8}.iuyads|Win32.ActiveCfg = iuyads|ARM
		{70FE1744-9C0A-40A1-9F01-D208C82AB9C8}.iuyads|Win32.Build.0 = iuyads|ARM
		{70FE1744-9C0A-40A1-9F01-D208C82AB9C8}.iuyads|Win64.ActiveCfg = iuyads|ARM
		{70FE1744-9C0A-40A1-9F01-D208C82AB9C8}.iuyads|Win64.Build.0 = iuyads|ARM
		{70FE1744-9C0A-40A1-9F01-D208C82AB9C8}.iuyads|x64.ActiveCfg = iuyads|x64
		{70FE1744-9C0A-40A1-9F01-D208C82AB9C8}.iuyads|x64.Build.0 = iuyads|x64
		{70FE1744-9C0A-40A1-9F01-D208C82AB9C8}.iuyads|x86.ActiveCfg = iuyads|Win32
		{70FE1744-9C0A-40A1-9F01-D208C82AB9C8}.iuyads|x86.Build.0 = iuyads|Win32
		{70FE1744-9C0A-40A1-9F01-D208C82AB9C8}.jtrent238|ARM.ActiveCfg = jtrent238|ARM
		{70FE1744-9C0A-40A1-9F01-D208C82AB9C8}.jtrent238|ARM.Build.0 = jtrent238|ARM
		{70FE1744-9C0A-40A1-9F01-D208C82AB9C8}.jtrent238|ARM64.ActiveCfg = jtrent238|ARM64
		{70FE1744-9C0A-40A1-9F01-D208C82AB9C8}.jtrent238|ARM64.Build.0 = jtrent238|ARM64
		{70FE1744-9C0A-40A1-9F01-D208C82AB9C8}.jtrent238|Win32.ActiveCfg = jtrent238|ARM
		{70FE1744-9C0A-40A1-9F01-D208C82AB9C8}.jtrent238|Win32.Build.0 = jtrent238|ARM
		{70FE1744-9C0A-40A1-9F01-D208C82AB9C8}.jtrent238|Win64.ActiveCfg = jtrent238|ARM
		{70FE1744-9C0A-40A1-9F01-D208C82AB9C8}.jtrent238|Win64.Build.0 = jtrent238|ARM
		{70FE1744-9C0A-40A1-9F01-D208C82AB9C8}.jtrent238|x64.ActiveCfg = jtrent238|x64
		{70FE1744-9C0A-40A1-9F01-D208C82AB9C8}.jtrent238|x64.Build.0 = jtrent238|x64
		{70FE1744-9C0A-40A1-9F01-D208C82AB9C8}.jtrent238|x86.ActiveCfg = jtrent238|Win32
		{70FE1744-9C0A-40A1-9F01-D208C82AB9C8}.jtrent238|x86.Build.0 = jtrent238|Win32
		{70FE1744-9C0A-40A1-9F01-D208C82AB9C8}.Publish|ARM.ActiveCfg = Publish|ARM
		{70FE1744-9C0A-40A1-9F01-D208C82AB9C8}.Publish|ARM.Build.0 = Publish|ARM
		{70FE1744-9C0A-40A1-9F01-D208C82AB9C8}.Publish|ARM64.ActiveCfg = Publish|ARM64
		{70FE1744-9C0A-40A1-9F01-D208C82AB9C8}.Publish|ARM64.Build.0 = Publish|ARM64
		{70FE1744-9C0A-40A1-9F01-D208C82AB9C8}.Publish|Win32.ActiveCfg = Publish|ARM
		{70FE1744-9C0A-40A1-9F01-D208C82AB9C8}.Publish|Win32.Build.0 = Publish|ARM
		{70FE1744-9C0A-40A1-9F01-D208C82AB9C8}.Publish|Win64.ActiveCfg = Publish|ARM
		{70FE1744-9C0A-40A1-9F01-D208C82AB9C8}.Publish|Win64.Build.0 = Publish|ARM
		{70FE1744-9C0A-40A1-9F01-D208C82AB9C8}.Publish|x64.ActiveCfg = Publish|x64
		{70FE1744-9C0A-40A1-9F01-D208C82AB9C8}.Publish|x64.Build.0 = Publish|x64
		{70FE1744-9C0A-40A1-9F01-D208C82AB9C8}.Publish|x86.ActiveCfg = Publish|Win32
		{70FE1744-9C0A-40A1-9F01-D208C82AB9C8}.Publish|x86.Build.0 = Publish|Win32
		{70FE1744-9C0A-40A1-9F01-D208C82AB9C8}.Release|ARM.ActiveCfg = Release|ARM
		{70FE1744-9C0A-40A1-9F01-D208C82AB9C8}.Release|ARM.Build.0 = Release|ARM
		{70FE1744-9C0A-40A1-9F01-D208C82AB9C8}.Release|ARM64.ActiveCfg = Release|ARM64
		{70FE1744-9C0A-40A1-9F01-D208C82AB9C8}.Release|ARM64.Build.0 = Release|ARM64
		{70FE1744-9C0A-40A1-9F01-D208C82AB9C8}.Release|Win32.ActiveCfg = Release|ARM
		{70FE1744-9C0A-40A1-9F01-D208C82AB9C8}.Release|Win32.Build.0 = Release|ARM
		{70FE1744-9C0A-40A1-9F01-D208C82AB9C8}.Release|Win64.ActiveCfg = Release|ARM
		{70FE1744-9C0A-40A1-9F01-D208C82AB9C8}.Release|Win64.Build.0 = Release|ARM
		{70FE1744-9C0A-40A1-9F01-D208C82AB9C8}.Release|x64.ActiveCfg = Release|x64
		{70FE1744-9C0A-40A1-9F01-D208C82AB9C8}.Release|x64.Build.0 = Release|x64
		{70FE1744-9C0A-40A1-9F01-D208C82AB9C8}.Release|x86.ActiveCfg = Release|Win32
		{70FE1744-9C0A-40A1-9F01-D208C82AB9C8}.Release|x86.Build.0 = Release|Win32
	EndGlobalSection
	GlobalSection(SolutionProperties) = preSolution
		HideSolutionNode = FALSE
	EndGlobalSection
	GlobalSection(ExtensibilityGlobals) = postSolution
		SolutionGuid = {84D743FE-396B-410F-BCA9-6F5415A5EB03}
	EndGlobalSection
EndGlobal
