
Microsoft Visual Studio Solution File, Format Version 12.00
# Visual Studio 15
VisualStudioVersion = 15.0.28307.489
MinimumVisualStudioVersion = 10.0.40219.1
Project("{8BC9CEB8-8B4A-11D0-8D11-00A0C91BC942}") = "File IO 2", "File IO 2\File IO 2.vcxproj", "{ECBF3C39-7CEA-409D-9132-96AFA2B5FA2F}"
EndProject
Global
	GlobalSection(SolutionConfigurationPlatforms) = preSolution
		Debug|x64 = Debug|x64
		Debug|x86 = Debug|x86
		Release|x64 = Release|x64
		Release|x86 = Release|x86
	EndGlobalSection
	GlobalSection(ProjectConfigurationPlatforms) = postSolution
		{ECBF3C39-7CEA-409D-9132-96AFA2B5FA2F}.Debug|x64.ActiveCfg = Debug|x64
		{ECBF3C39-7CEA-409D-9132-96AFA2B5FA2F}.Debug|x64.Build.0 = Debug|x64
		{ECBF3C39-7CEA-409D-9132-96AFA2B5FA2F}.Debug|x86.ActiveCfg = Debug|Win32
		{ECBF3C39-7CEA-409D-9132-96AFA2B5FA2F}.Debug|x86.Build.0 = Debug|Win32
		{ECBF3C39-7CEA-409D-9132-96AFA2B5FA2F}.Release|x64.ActiveCfg = Release|x64
		{ECBF3C39-7CEA-409D-9132-96AFA2B5FA2F}.Release|x64.Build.0 = Release|x64
		{ECBF3C39-7CEA-409D-9132-96AFA2B5FA2F}.Release|x86.ActiveCfg = Release|Win32
		{ECBF3C39-7CEA-409D-9132-96AFA2B5FA2F}.Release|x86.Build.0 = Release|Win32
	EndGlobalSection
	GlobalSection(SolutionProperties) = preSolution
		HideSolutionNode = FALSE
	EndGlobalSection
	GlobalSection(ExtensibilityGlobals) = postSolution
		SolutionGuid = {9CA67B9B-0692-4FD6-921D-2CAC2510A050}
	EndGlobalSection
EndGlobal
